
Microsoft Visual Studio Solution File, Format Version 12.00
# Visual Studio Version 16
VisualStudioVersion = 16.0.31205.134
MinimumVisualStudioVersion = 10.0.40219.1
Project("{9A19103F-16F7-4668-BE54-9A1E7A4F7556}") = "NearBy.Api", "NearBy.Api.csproj", "{00F6D92D-FF99-44CC-A36C-6F92B4D25DCE}"
EndProject
Project("{FAE04EC0-301F-11D3-BF4B-00C04F79EFBC}") = "NearBy.Bussiness", "..\NearBy.Bussiness\NearBy.Bussiness.csproj", "{FBC5B455-5D7E-4534-8F59-045E64406B96}"
EndProject
Project("{FAE04EC0-301F-11D3-BF4B-00C04F79EFBC}") = "NearBy.Data", "..\NearBy.Data\NearBy.Data.csproj", "{2DBDCC26-A491-4692-ABEB-4EB224CC6FA3}"
EndProject
Project("{FAE04EC0-301F-11D3-BF4B-00C04F79EFBC}") = "NearBy.Model", "..\NearBy.Model\NearBy.Model.csproj", "{D608C72F-8C13-47B6-A921-CCC9999C69B9}"
EndProject
Project("{FAE04EC0-301F-11D3-BF4B-00C04F79EFBC}") = "NearBy.Infrastructure", "..\NearBy.Infrastructure\NearBy.Infrastructure.csproj", "{C632C539-61F7-4F10-A572-5745F595904D}"
EndProject
Global
	GlobalSection(SolutionConfigurationPlatforms) = preSolution
		Debug|Any CPU = Debug|Any CPU
		Release|Any CPU = Release|Any CPU
	EndGlobalSection
	GlobalSection(ProjectConfigurationPlatforms) = postSolution
		{00F6D92D-FF99-44CC-A36C-6F92B4D25DCE}.Debug|Any CPU.ActiveCfg = Debug|Any CPU
		{00F6D92D-FF99-44CC-A36C-6F92B4D25DCE}.Debug|Any CPU.Build.0 = Debug|Any CPU
		{00F6D92D-FF99-44CC-A36C-6F92B4D25DCE}.Release|Any CPU.ActiveCfg = Release|Any CPU
		{00F6D92D-FF99-44CC-A36C-6F92B4D25DCE}.Release|Any CPU.Build.0 = Release|Any CPU
		{FBC5B455-5D7E-4534-8F59-045E64406B96}.Debug|Any CPU.ActiveCfg = Debug|Any CPU
		{FBC5B455-5D7E-4534-8F59-045E64406B96}.Debug|Any CPU.Build.0 = Debug|Any CPU
		{FBC5B455-5D7E-4534-8F59-045E64406B96}.Release|Any CPU.ActiveCfg = Release|Any CPU
		{FBC5B455-5D7E-4534-8F59-045E64406B96}.Release|Any CPU.Build.0 = Release|Any CPU
		{2DBDCC26-A491-4692-ABEB-4EB224CC6FA3}.Debug|Any CPU.ActiveCfg = Debug|Any CPU
		{2DBDCC26-A491-4692-ABEB-4EB224CC6FA3}.Debug|Any CPU.Build.0 = Debug|Any CPU
		{2DBDCC26-A491-4692-ABEB-4EB224CC6FA3}.Release|Any CPU.ActiveCfg = Release|Any CPU
		{2DBDCC26-A491-4692-ABEB-4EB224CC6FA3}.Release|Any CPU.Build.0 = Release|Any CPU
		{D608C72F-8C13-47B6-A921-CCC9999C69B9}.Debug|Any CPU.ActiveCfg = Debug|Any CPU
		{D608C72F-8C13-47B6-A921-CCC9999C69B9}.Debug|Any CPU.Build.0 = Debug|Any CPU
		{D608C72F-8C13-47B6-A921-CCC9999C69B9}.Release|Any CPU.ActiveCfg = Release|Any CPU
		{D608C72F-8C13-47B6-A921-CCC9999C69B9}.Release|Any CPU.Build.0 = Release|Any CPU
		{C632C539-61F7-4F10-A572-5745F595904D}.Debug|Any CPU.ActiveCfg = Debug|Any CPU
		{C632C539-61F7-4F10-A572-5745F595904D}.Debug|Any CPU.Build.0 = Debug|Any CPU
		{C632C539-61F7-4F10-A572-5745F595904D}.Release|Any CPU.ActiveCfg = Release|Any CPU
		{C632C539-61F7-4F10-A572-5745F595904D}.Release|Any CPU.Build.0 = Release|Any CPU
	EndGlobalSection
	GlobalSection(SolutionProperties) = preSolution
		HideSolutionNode = FALSE
	EndGlobalSection
	GlobalSection(ExtensibilityGlobals) = postSolution
		SolutionGuid = {2AD3C78A-79B8-4BD3-9FD9-8E5C8CBF4F68}
	EndGlobalSection
EndGlobal
